<?xml version="1.0" encoding="utf-8"?>
<Project ToolsVersion="4.0" xmlns="http://schemas.microsoft.com/developer/msbuild/2003">
  <ItemGroup>
    <Filter Include="Source Files">
      <UniqueIdentifier>{4FC737F1-C7A5-4376-A066-2A32D752A2FF}</UniqueIdentifier>
      <Extensions>cpp;c;cc;cxx;c++;cppm;ixx;def;odl;idl;hpj;bat;asm;asmx</Extensions>
    </Filter>
    <Filter Include="Header Files">
      <UniqueIdentifier>{93995380-89BD-4b04-88EB-625FBE52EBFB}</UniqueIdentifier>
      <Extensions>h;hh;hpp;hxx;h++;hm;inl;inc;ipp;xsd</Extensions>
    </Filter>
    <Filter Include="Resource Files">
      <UniqueIdentifier>{67DA6AB6-F800-4c08-8B7A-83BB121AAD01}</UniqueIdentifier>
      <Extensions>rc;ico;cur;bmp;dlg;rc2;rct;bin;rgs;gif;jpg;jpeg;jpe;resx;tiff;tif;png;wav;mfcribbon-ms</Extensions>
    </Filter>
  </ItemGroup>
  <ItemGroup>
    <ClCompile Include="app\collider.cpp">
      <Filter>Source Files</Filter>
    </ClCompile>
    <ClCompile Include="app\collision_check.cpp">
      <Filter>Source Files</Filter>
    </ClCompile>
    <ClCompile Include="app\constants.cpp">
      <Filter>Source Files</Filter>
    </ClCompile>
    <ClCompile Include="app\Dot.cpp">
      <Filter>Source Files</Filter>
    </ClCompile>
    <ClCompile Include="app\helper_main_functions.cpp">
      <Filter>Source Files</Filter>
    </ClCompile>
    <ClCompile Include="app\LTexture.cpp">
      <Filter>Source Files</Filter>
    </ClCompile>
    <ClCompile Include="app\main.cpp">
      <Filter>Source Files</Filter>
    </ClCompile>
    <ClCompile Include="app\Mouse.cpp">
      <Filter>Source Files</Filter>
    </ClCompile>
    <ClCompile Include="app\spatial_hashers.cpp">
      <Filter>Source Files</Filter>
    </ClCompile>
    <ClCompile Include="app\time.cpp">
      <Filter>Source Files</Filter>
    </ClCompile>
    <ClCompile Include="app\engine.cpp">
      <Filter>Source Files</Filter>
    </ClCompile>
  </ItemGroup>
  <ItemGroup>
    <ClInclude Include="app\incl\collider.h">
      <Filter>Header Files</Filter>
    </ClInclude>
    <ClInclude Include="app\incl\collision_check.h">
      <Filter>Header Files</Filter>
    </ClInclude>
    <ClInclude Include="app\incl\constants.h">
      <Filter>Header Files</Filter>
    </ClInclude>
    <ClInclude Include="app\incl\Dot.h">
      <Filter>Header Files</Filter>
    </ClInclude>
    <ClInclude Include="app\incl\helper_main_functions.h">
      <Filter>Header Files</Filter>
    </ClInclude>
    <ClInclude Include="app\incl\helper_structs.h">
      <Filter>Header Files</Filter>
    </ClInclude>
    <ClInclude Include="app\incl\LTexture.h">
      <Filter>Header Files</Filter>
    </ClInclude>
    <ClInclude Include="app\incl\Mouse.h">
      <Filter>Header Files</Filter>
    </ClInclude>
    <ClInclude Include="app\incl\spatial_hashers.h">
      <Filter>Header Files</Filter>
    </ClInclude>
    <ClInclude Include="app\incl\time.h">
      <Filter>Header Files</Filter>
    </ClInclude>
    <ClInclude Include="app\incl\engine.h">
      <Filter>Header Files</Filter>
    </ClInclude>
  </ItemGroup>
  <ItemGroup>
    <Image Include="images\dot.bmp">
      <Filter>Resource Files</Filter>
    </Image>
    <Image Include="images\transparent_dot.png">
      <Filter>Resource Files</Filter>
    </Image>
  </ItemGroup>
</Project>